# THIS IS AN AUTOGENERATED FILE. DO NOT EDIT THIS FILE DIRECTLY.
# yarn lockfile v1


"@rbxts/compiler-types@^1.3.3-types.1":
  version "1.3.3-types.1"
  resolved "https://registry.yarnpkg.com/@rbxts/compiler-types/-/compiler-types-1.3.3-types.1.tgz#94710f75af8676bb26a9d11ef645f0a4349c01e9"
  integrity sha512-iWeioe5WziBTnY+FIT7aQ5bimlw81PYZ5d9WO0h1kX3joEigXPQpn2yHGRxzrqIssqQr47Y6fwknklaaQ6IPMQ==

"@rbxts/luau-polyfill-internal@1.2.3-ts.0":
  version "1.2.3-ts.0"
  resolved "https://registry.yarnpkg.com/@rbxts/luau-polyfill-internal/-/luau-polyfill-internal-1.2.3-ts.0.tgz#01fec60c39e800d8b786d089648c54b1ecbf9606"
  integrity sha512-LG1h4uf+MpMxu6RfOLowRe+NOs2SWXzCmYd49WvfR8ZKVUNHvT0BeVIL9rS9q//mTlz8BXDyl5EVIyjnKgsekA==

"@rbxts/promise-forward@^1.0.4":
  version "1.0.4"
  resolved "https://registry.yarnpkg.com/@rbxts/promise-forward/-/promise-forward-1.0.4.tgz#3154a14fbf591aa874e663e77a97c0fe78d72e0e"
  integrity sha512-otKFEJ5kKxow+m3/tp37WtS3GXz8X9jbaqCKJUvHW33zj+knByTFSwmZ0kBNJe8Oi/SarXaCvvNVYVe7JkbWWw==

"@rbxts/react-internal@^0.2.0", "@rbxts/react-internal@^0.2.1":
  version "0.2.1"
  resolved "https://registry.yarnpkg.com/@rbxts/react-internal/-/react-internal-0.2.1.tgz#69e13c9e1c202407740c15553ad4d8b47c38abe1"
  integrity sha512-IIJqYi6J463DpiI+x007j35ECixVnYufVYwrc1KlSw6ZgTJuWdBZ4eK8ACbnRiFYuNJDzM7ylNCo6C4ecA/XAg==
  dependencies:
    "@rbxts/luau-polyfill-internal" "1.2.3-ts.0"
    "@rbxts/shared-internal" "^0.2.0"

"@rbxts/react-reconciler-internal@^0.2.0":
  version "0.2.0"
  resolved "https://registry.yarnpkg.com/@rbxts/react-reconciler-internal/-/react-reconciler-internal-0.2.0.tgz#2313864ff04717d262f52db76230eeb1dc7c8b49"
  integrity sha512-CODcDn7k838rn4YOkm/jFPOvS3ICyiRlRHpBz05tHujDnmH3++fUpIqqtyr4wiGSt2o2g3tSCVCdDDwLP2iFYQ==
  dependencies:
    "@rbxts/luau-polyfill-internal" "1.2.3-ts.0"
    "@rbxts/promise-forward" "^1.0.4"
    "@rbxts/react-internal" "^0.2.0"
    "@rbxts/scheduler-internal" "^0.2.0"
    "@rbxts/shared-internal" "^0.2.0"

"@rbxts/react-roblox@^0.1.0":
  version "0.1.0"
  resolved "https://registry.yarnpkg.com/@rbxts/react-roblox/-/react-roblox-0.1.0.tgz#e774a1e3ddb5bdd3e29b518b8c424ca94ee9e519"
  integrity sha512-RIb+G0r9aaGdUWB+SuNKEm0GVVwN0r4nFdDx3Z+QcqOmNGJ1nyUdaQ8S6PtYhypNCePH/mcy7p1FaDavvlv2Gg==
  dependencies:
    "@rbxts/luau-polyfill-internal" "1.2.3-ts.0"
    "@rbxts/react-internal" "^0.2.1"
    "@rbxts/react-reconciler-internal" "^0.2.0"
    "@rbxts/scheduler-internal" "^0.2.0"
    "@rbxts/shared-internal" "^0.2.0"

"@rbxts/react-ts@*":
  version "0.6.0"
  resolved "https://registry.yarnpkg.com/@rbxts/react-ts/-/react-ts-0.6.0.tgz#cbe4f3ad5d11bb04a3a052d673fd53973a73981c"
  integrity sha512-HvU8/4kU9tqscB1ebqtagivfTkAwqTKnb6SHwblElJ4IAAZh9XfIQbriwgGRWrxQko86zzwVpRRjqDM2lQXi9Q==
  dependencies:
    "@rbxts/react-internal" "^0.2.1"
    "@rbxts/roact-compat-internal" "^0.3.0"

"@rbxts/roact-compat-internal@^0.3.0":
  version "0.3.0"
  resolved "https://registry.yarnpkg.com/@rbxts/roact-compat-internal/-/roact-compat-internal-0.3.0.tgz#9f90658346b72db25508b650c9b4e9e7fa6c708c"
  integrity sha512-09WghRQuhgtG05Dob9b7X52eRPKgwny/lTgh0n9gcIPdmV7dseNloWazXlUk/9tKlZcU8urbgaJ+ZPQ0/f2f2w==
  dependencies:
    "@rbxts/luau-polyfill-internal" "1.2.3-ts.0"
    "@rbxts/react-internal" "^0.2.1"
    "@rbxts/react-roblox" "^0.1.0"
    "@rbxts/shared-internal" "^0.2.0"

"@rbxts/roact@^1.4.2-ts.2":
  version "1.4.2-ts.3"
  resolved "https://registry.yarnpkg.com/@rbxts/roact/-/roact-1.4.2-ts.3.tgz#6160a93d35405db317e445743dacdf0185161545"
  integrity sha512-ViS9Tu0gzRdAnOc64CplMKKOG/ISdS7AwgOd+4ld+O3f4N0fPOuxY/sIZ/67fMxH9Isu1r4A6wyg5F5YkK2csA==

"@rbxts/scheduler-internal@^0.2.0":
  version "0.2.0"
  resolved "https://registry.yarnpkg.com/@rbxts/scheduler-internal/-/scheduler-internal-0.2.0.tgz#1cdf9b31e8f1d08c599fb3f3d8e7d8e2b57865f1"
  integrity sha512-rMDaR+pIWGfdJRmhwG1zqczKrfrgR+EsjYizoPftcBShqsFVtwJsMpu0YZi/YqZquXBa5ihETyvSfOVqLlg9pA==
  dependencies:
    "@rbxts/luau-polyfill-internal" "1.2.3-ts.0"
    "@rbxts/shared-internal" "^0.2.0"

"@rbxts/shared-internal@^0.2.0":
  version "0.2.0"
  resolved "https://registry.yarnpkg.com/@rbxts/shared-internal/-/shared-internal-0.2.0.tgz#7073786da57adb56cc0d1701dad5f970352fd0ff"
  integrity sha512-UG+aOwGH/WhAxtU93KQbfw5L+z05rgDMPMTDd1nlchCo2fezpe5l/r9X3+woFn+s5K2Vhw31HvNpbAH89jsplw==
  dependencies:
    "@rbxts/luau-polyfill-internal" "1.2.3-ts.0"

"@rbxts/types@^1.0.608":
  version "1.0.704"
  resolved "https://registry.yarnpkg.com/@rbxts/types/-/types-1.0.704.tgz#3ba89869cfedca8b3b43e86acfc948bd2b66940a"
  integrity sha512-gjxlE5GmX/4iuflQ8dh0y8WODw4xzu8rlOGJZpYWQvH6XUS143Dg928XYsJ2GqDJ+v0rM6t02TlcMQgdzTRP5A==
